
Microsoft Visual Studio Solution File, Format Version 12.00
# Visual Studio 15
VisualStudioVersion = 15.0.28307.1500
MinimumVisualStudioVersion = 10.0.40219.1
Project("{FAE04EC0-301F-11D3-BF4B-00C04F79EFBC}") = "WebSiteBanSach", "WebSiteBanSach\WebSiteBanSach.csproj", "{4ED34452-782B-498E-B2C4-7EEC464873E1}"
EndProject
Global
	GlobalSection(SolutionConfigurationPlatforms) = preSolution
		Debug|Any CPU = Debug|Any CPU
		Release|Any CPU = Release|Any CPU
	EndGlobalSection
	GlobalSection(ProjectConfigurationPlatforms) = postSolution
		{4ED34452-782B-498E-B2C4-7EEC464873E1}.Debug|Any CPU.ActiveCfg = Debug|Any CPU
		{4ED34452-782B-498E-B2C4-7EEC464873E1}.Debug|Any CPU.Build.0 = Debug|Any CPU
		{4ED34452-782B-498E-B2C4-7EEC464873E1}.Release|Any CPU.ActiveCfg = Release|Any CPU
		{4ED34452-782B-498E-B2C4-7EEC464873E1}.Release|Any CPU.Build.0 = Release|Any CPU
	EndGlobalSection
	GlobalSection(SolutionProperties) = preSolution
		HideSolutionNode = FALSE
	EndGlobalSection
	GlobalSection(ExtensibilityGlobals) = postSolution
		SolutionGuid = {8A6BEFE6-FAA5-43BC-BBA3-BCF3D5C9420A}
	EndGlobalSection
EndGlobal
